
Microsoft Visual Studio Solution File, Format Version 12.00
# Visual Studio Version 16
VisualStudioVersion = 16.0.30907.101
MinimumVisualStudioVersion = 10.0.40219.1
Project("{FAE04EC0-301F-11D3-BF4B-00C04F79EFBC}") = "RagdollSpell", "RagdollSpell.csproj", "{67BF9861-3716-40ED-A346-6F9BA8D10253}"
EndProject
Global
	GlobalSection(SolutionConfigurationPlatforms) = preSolution
		Debug|Any CPU = Debug|Any CPU
		Release|Any CPU = Release|Any CPU
	EndGlobalSection
	GlobalSection(ProjectConfigurationPlatforms) = postSolution
		{67BF9861-3716-40ED-A346-6F9BA8D10253}.Debug|Any CPU.ActiveCfg = Debug|Any CPU
		{67BF9861-3716-40ED-A346-6F9BA8D10253}.Debug|Any CPU.Build.0 = Debug|Any CPU
		{67BF9861-3716-40ED-A346-6F9BA8D10253}.Release|Any CPU.ActiveCfg = Release|Any CPU
		{67BF9861-3716-40ED-A346-6F9BA8D10253}.Release|Any CPU.Build.0 = Release|Any CPU
	EndGlobalSection
	GlobalSection(SolutionProperties) = preSolution
		HideSolutionNode = FALSE
	EndGlobalSection
	GlobalSection(ExtensibilityGlobals) = postSolution
		SolutionGuid = {44520B01-483B-4C8D-8109-BB79FD2BDAEB}
	EndGlobalSection
EndGlobal
